
Microsoft Visual Studio Solution File, Format Version 12.00
# Visual Studio Version 17
VisualStudioVersion = 17.5.002.0
MinimumVisualStudioVersion = 10.0.40219.1
Project("{9A19103F-16F7-4668-BE54-9A1E7A4F7556}") = "MagicMoose", "MagicMoose.csproj", "{FFD334E3-C869-496E-A2A1-C86BCA56C335}"
EndProject
Global
	GlobalSection(SolutionConfigurationPlatforms) = preSolution
		Debug|Any CPU = Debug|Any CPU
		Release|Any CPU = Release|Any CPU
	EndGlobalSection
	GlobalSection(ProjectConfigurationPlatforms) = postSolution
		{FFD334E3-C869-496E-A2A1-C86BCA56C335}.Debug|Any CPU.ActiveCfg = Debug|Any CPU
		{FFD334E3-C869-496E-A2A1-C86BCA56C335}.Debug|Any CPU.Build.0 = Debug|Any CPU
		{FFD334E3-C869-496E-A2A1-C86BCA56C335}.Release|Any CPU.ActiveCfg = Release|Any CPU
		{FFD334E3-C869-496E-A2A1-C86BCA56C335}.Release|Any CPU.Build.0 = Release|Any CPU
	EndGlobalSection
	GlobalSection(SolutionProperties) = preSolution
		HideSolutionNode = FALSE
	EndGlobalSection
	GlobalSection(ExtensibilityGlobals) = postSolution
		SolutionGuid = {D0001D6B-919F-4C19-8D4E-62F683D6B657}
	EndGlobalSection
EndGlobal
